// !$*UTF8*$!
{
	archiveVersion = 1;
	classes = {
	};
	objectVersion = 46;
	objects = {

/* Begin PBXBuildFile section */
		7FEA8F481C7EA5DD00007883 /* AppDelegate.swift in Sources */ = {isa = PBXBuildFile; fileRef = 7FEA8F471C7EA5DD00007883 /* AppDelegate.swift */; };
		7FEA8F4A1C7EA5DD00007883 /* ViewController.swift in Sources */ = {isa = PBXBuildFile; fileRef = 7FEA8F491C7EA5DD00007883 /* ViewController.swift */; };
		7FEA8F4D1C7EA5DD00007883 /* Main.storyboard in Resources */ = {isa = PBXBuildFile; fileRef = 7FEA8F4B1C7EA5DD00007883 /* Main.storyboard */; };
		7FEA8F4F1C7EA5DD00007883 /* Assets.xcassets in Resources */ = {isa = PBXBuildFile; fileRef = 7FEA8F4E1C7EA5DD00007883 /* Assets.xcassets */; };
		7FEA8F521C7EA5DD00007883 /* LaunchScreen.storyboard in Resources */ = {isa = PBXBuildFile; fileRef = 7FEA8F501C7EA5DD00007883 /* LaunchScreen.storyboard */; };
		7FEA8F5D1C7EA5DD00007883 /* YouTubeTests.swift in Sources */ = {isa = PBXBuildFile; fileRef = 7FEA8F5C1C7EA5DD00007883 /* YouTubeTests.swift */; };
		7FEA8F681C7EA5DD00007883 /* YouTubeUITests.swift in Sources */ = {isa = PBXBuildFile; fileRef = 7FEA8F671C7EA5DD00007883 /* YouTubeUITests.swift */; };
/* End PBXBuildFile section */

/* Begin PBXContainerItemProxy section */
		7FEA8F591C7EA5DD00007883 /* PBXContainerItemProxy */ = {
			isa = PBXContainerItemProxy;
			containerPortal = 7FEA8F3C1C7EA5DD00007883 /* Project object */;
			proxyType = 1;
			remoteGlobalIDString = 7FEA8F431C7EA5DD00007883;
			remoteInfo = YouTube;
		};
		7FEA8F641C7EA5DD00007883 /* PBXContainerItemProxy */ = {
			isa = PBXContainerItemProxy;
			containerPortal = 7FEA8F3C1C7EA5DD00007883 /* Project object */;
			proxyType = 1;
			remoteGlobalIDString = 7FEA8F431C7EA5DD00007883;
			remoteInfo = YouTube;
		};
/* End PBXContainerItemProxy section */

/* Begin PBXFileReference section */
		7FEA8F441C7EA5DD00007883 /* YouTube.app */ = {isa = PBXFileReference; explicitFileType = wrapper.application; includeInIndex = 0; path = YouTube.app; sourceTree = BUILT_PRODUCTS_DIR; };
		7FEA8F471C7EA5DD00007883 /* AppDelegate.swift */ = {isa = PBXFileReference; lastKnownFileType = sourcecode.swift; path = AppDelegate.swift; sourceTree = "<group>"; };
		7FEA8F491C7EA5DD00007883 /* ViewController.swift */ = {isa = PBXFileReference; lastKnownFileType = sourcecode.swift; path = ViewController.swift; sourceTree = "<group>"; };
		7FEA8F4C1C7EA5DD00007883 /* Base */ = {isa = PBXFileReference; lastKnownFileType = file.storyboard; name = Base; path = Base.lproj/Main.storyboard; sourceTree = "<group>"; };
		7FEA8F4E1C7EA5DD00007883 /* Assets.xcassets */ = {isa = PBXFileReference; lastKnownFileType = folder.assetcatalog; path = Assets.xcassets; sourceTree = "<group>"; };
		7FEA8F511C7EA5DD00007883 /* Base */ = {isa = PBXFileReference; lastKnownFileType = file.storyboard; name = Base; path = Base.lproj/LaunchScreen.storyboard; sourceTree = "<group>"; };
		7FEA8F531C7EA5DD00007883 /* Info.plist */ = {isa = PBXFileReference; lastKnownFileType = text.plist.xml; path = Info.plist; sourceTree = "<group>"; };
		7FEA8F581C7EA5DD00007883 /* YouTubeTests.xctest */ = {isa = PBXFileReference; explicitFileType = wrapper.cfbundle; includeInIndex = 0; path = YouTubeTests.xctest; sourceTree = BUILT_PRODUCTS_DIR; };
		7FEA8F5C1C7EA5DD00007883 /* YouTubeTests.swift */ = {isa = PBXFileReference; lastKnownFileType = sourcecode.swift; path = YouTubeTests.swift; sourceTree = "<group>"; };
		7FEA8F5E1C7EA5DD00007883 /* Info.plist */ = {isa = PBXFileReference; lastKnownFileType = text.plist.xml; path = Info.plist; sourceTree = "<group>"; };
		7FEA8F631C7EA5DD00007883 /* YouTubeUITests.xctest */ = {isa = PBXFileReference; explicitFileType = wrapper.cfbundle; includeInIndex = 0; path = YouTubeUITests.xctest; sourceTree = BUILT_PRODUCTS_DIR; };
		7FEA8F671C7EA5DD00007883 /* YouTubeUITests.swift */ = {isa = PBXFileReference; lastKnownFileType = sourcecode.swift; path = YouTubeUITests.swift; sourceTree = "<group>"; };
		7FEA8F691C7EA5DD00007883 /* Info.plist */ = {isa = PBXFileReference; lastKnownFileType = text.plist.xml; path = Info.plist; sourceTree = "<group>"; };
/* End PBXFileReference section */

/* Begin PBXFrameworksBuildPhase section */
		7FEA8F411C7EA5DD00007883 /* Frameworks */ = {
			isa = PBXFrameworksBuildPhase;
			buildActionMask = 2147483647;
			files = (
			);
			runOnlyForDeploymentPostprocessing = 0;
		};
		7FEA8F551C7EA5DD00007883 /* Frameworks */ = {
			isa = PBXFrameworksBuildPhase;
			buildActionMask = 2147483647;
			files = (
			);
			runOnlyForDeploymentPostprocessing = 0;
		};
		7FEA8F601C7EA5DD00007883 /* Frameworks */ = {
			isa = PBXFrameworksBuildPhase;
			buildActionMask = 2147483647;
			files = (
			);
			runOnlyForDeploymentPostprocessing = 0;
		};
/* End PBXFrameworksBuildPhase section */

/* Begin PBXGroup section */
		7FEA8F3B1C7EA5DD00007883 = {
			isa = PBXGroup;
			children = (
				7FEA8F461C7EA5DD00007883 /* YouTube */,
				7FEA8F5B1C7EA5DD00007883 /* YouTubeTests */,
				7FEA8F661C7EA5DD00007883 /* YouTubeUITests */,
				7FEA8F451C7EA5DD00007883 /* Products */,
			);
			sourceTree = "<group>";
		};
		7FEA8F451C7EA5DD00007883 /* Products */ = {
			isa = PBXGroup;
			children = (
				7FEA8F441C7EA5DD00007883 /* YouTube.app */,
				7FEA8F581C7EA5DD00007883 /* YouTubeTests.xctest */,
				7FEA8F631C7EA5DD00007883 /* YouTubeUITests.xctest */,
			);
			name = Products;
			sourceTree = "<group>";
		};
		7FEA8F461C7EA5DD00007883 /* YouTube */ = {
			isa = PBXGroup;
			children = (
				7FEA8F471C7EA5DD00007883 /* AppDelegate.swift */,
				7FEA8F491C7EA5DD00007883 /* ViewController.swift */,
				7FEA8F4B1C7EA5DD00007883 /* Main.storyboard */,
				7FEA8F4E1C7EA5DD00007883 /* Assets.xcassets */,
				7FEA8F501C7EA5DD00007883 /* LaunchScreen.storyboard */,
				7FEA8F531C7EA5DD00007883 /* Info.plist */,
			);
			path = YouTube;
			sourceTree = "<group>";
		};
		7FEA8F5B1C7EA5DD00007883 /* YouTubeTests */ = {
			isa = PBXGroup;
			children = (
				7FEA8F5C1C7EA5DD00007883 /* YouTubeTests.swift */,
				7FEA8F5E1C7EA5DD00007883 /* Info.plist */,
			);
			path = YouTubeTests;
			sourceTree = "<group>";
		};
		7FEA8F661C7EA5DD00007883 /* YouTubeUITests */ = {
			isa = PBXGroup;
			children = (
				7FEA8F671C7EA5DD00007883 /* YouTubeUITests.swift */,
				7FEA8F691C7EA5DD00007883 /* Info.plist */,
			);
			path = YouTubeUITests;
			sourceTree = "<group>";
		};
/* End PBXGroup section */

/* Begin PBXNativeTarget section */
		7FEA8F431C7EA5DD00007883 /* YouTube */ = {
			isa = PBXNativeTarget;
			buildConfigurationList = 7FEA8F6C1C7EA5DD00007883 /* Build configuration list for PBXNativeTarget "YouTube" */;
			buildPhases = (
				7FEA8F401C7EA5DD00007883 /* Sources */,
				7FEA8F411C7EA5DD00007883 /* Frameworks */,
				7FEA8F421C7EA5DD00007883 /* Resources */,
			);
			buildRules = (
			);
			dependencies = (
			);
			name = YouTube;
			productName = YouTube;
			productReference = 7FEA8F441C7EA5DD00007883 /* YouTube.app */;
			productType = "com.apple.product-type.application";
		};
		7FEA8F571C7EA5DD00007883 /* YouTubeTests */ = {
			isa = PBXNativeTarget;
			buildConfigurationList = 7FEA8F6F1C7EA5DD00007883 /* Build configuration list for PBXNativeTarget "YouTubeTests" */;
			buildPhases = (
				7FEA8F541C7EA5DD00007883 /* Sources */,
				7FEA8F551C7EA5DD00007883 /* Frameworks */,
				7FEA8F561C7EA5DD00007883 /* Resources */,
			);
			buildRules = (
			);
			dependencies = (
				7FEA8F5A1C7EA5DD00007883 /* PBXTargetDependency */,
			);
			name = YouTubeTests;
			productName = YouTubeTests;
			productReference = 7FEA8F581C7EA5DD00007883 /* YouTubeTests.xctest */;
			productType = "com.apple.product-type.bundle.unit-test";
		};
		7FEA8F621C7EA5DD00007883 /* YouTubeUITests */ = {
			isa = PBXNativeTarget;
			buildConfigurationList = 7FEA8F721C7EA5DD00007883 /* Build configuration list for PBXNativeTarget "YouTubeUITests" */;
			buildPhases = (
				7FEA8F5F1C7EA5DD00007883 /* Sources */,
				7FEA8F601C7EA5DD00007883 /* Frameworks */,
				7FEA8F611C7EA5DD00007883 /* Resources */,
			);
			buildRules = (
			);
			dependencies = (
				7FEA8F651C7EA5DD00007883 /* PBXTargetDependency */,
			);
			name = YouTubeUITests;
			productName = YouTubeUITests;
			productReference = 7FEA8F631C7EA5DD00007883 /* YouTubeUITests.xctest */;
			productType = "com.apple.product-type.bundle.ui-testing";
		};
/* End PBXNativeTarget section */

/* Begin PBXProject section */
		7FEA8F3C1C7EA5DD00007883 /* Project object */ = {
			isa = PBXProject;
			attributes = {
				LastSwiftUpdateCheck = 0720;
				LastUpgradeCheck = 0720;
				ORGANIZATIONNAME = plainspace;
				TargetAttributes = {
					7FEA8F431C7EA5DD00007883 = {
						CreatedOnToolsVersion = 7.2.1;
						DevelopmentTeam = 32CJHKMB28;
					};
					7FEA8F571C7EA5DD00007883 = {
						CreatedOnToolsVersion = 7.2.1;
						DevelopmentTeam = 32CJHKMB28;
						TestTargetID = 7FEA8F431C7EA5DD00007883;
					};
					7FEA8F621C7EA5DD00007883 = {
						CreatedOnToolsVersion = 7.2.1;
						DevelopmentTeam = 32CJHKMB28;
						TestTargetID = 7FEA8F431C7EA5DD00007883;
					};
				};
			};
			buildConfigurationList = 7FEA8F3F1C7EA5DD00007883 /* Build configuration list for PBXProject "YouTube" */;
			compatibilityVersion = "Xcode 3.2";
			developmentRegion = English;
			hasScannedForEncodings = 0;
			knownRegions = (
				en,
				Base,
			);
			mainGroup = 7FEA8F3B1C7EA5DD00007883;
			productRefGroup = 7FEA8F451C7EA5DD00007883 /* Products */;
			projectDirPath = "";
			projectRoot = "";
			targets = (
				7FEA8F431C7EA5DD00007883 /* YouTube */,
				7FEA8F571C7EA5DD00007883 /* YouTubeTests */,
				7FEA8F621C7EA5DD00007883 /* YouTubeUITests */,
			);
		};
/* End PBXProject section */

/* Begin PBXResourcesBuildPhase section */
		7FEA8F421C7EA5DD00007883 /* Resources */ = {
			isa = PBXResourcesBuildPhase;
			buildActionMask = 2147483647;
			files = (
				7FEA8F521C7EA5DD00007883 /* LaunchScreen.storyboard in Resources */,
				7FEA8F4F1C7EA5DD00007883 /* Assets.xcassets in Resources */,
				7FEA8F4D1C7EA5DD00007883 /* Main.storyboard in Resources */,
			);
			runOnlyForDeploymentPostprocessing = 0;
		};
		7FEA8F561C7EA5DD00007883 /* Resources */ = {
			isa = PBXResourcesBuildPhase;
			buildActionMask = 2147483647;
			files = (
			);
			runOnlyForDeploymentPostprocessing = 0;
		};
		7FEA8F611C7EA5DD00007883 /* Resources */ = {
			isa = PBXResourcesBuildPhase;
			buildActionMask = 2147483647;
			files = (
			);
			runOnlyForDeploymentPostprocessing = 0;
		};
/* End PBXResourcesBuildPhase section */

/* Begin PBXSourcesBuildPhase section */
		7FEA8F401C7EA5DD00007883 /* Sources */ = {
			isa = PBXSourcesBuildPhase;
			buildActionMask = 2147483647;
			files = (
				7FEA8F4A1C7EA5DD00007883 /* ViewController.swift in Sources */,
				7FEA8F481C7EA5DD00007883 /* AppDelegate.swift in Sources */,
			);
			runOnlyForDeploymentPostprocessing = 0;
		};
		7FEA8F541C7EA5DD00007883 /* Sources */ = {
			isa = PBXSourcesBuildPhase;
			buildActionMask = 2147483647;
			files = (
				7FEA8F5D1C7EA5DD00007883 /* YouTubeTests.swift in Sources */,
			);
			runOnlyForDeploymentPostprocessing = 0;
		};
		7FEA8F5F1C7EA5DD00007883 /* Sources */ = {
			isa = PBXSourcesBuildPhase;
			buildActionMask = 2147483647;
			files = (
				7FEA8F681C7EA5DD00007883 /* YouTubeUITests.swift in Sources */,
			);
			runOnlyForDeploymentPostprocessing = 0;
		};
/* End PBXSourcesBuildPhase section */

/* Begin PBXTargetDependency section */
		7FEA8F5A1C7EA5DD00007883 /* PBXTargetDependency */ = {
			isa = PBXTargetDependency;
			target = 7FEA8F431C7EA5DD00007883 /* YouTube */;
			targetProxy = 7FEA8F591C7EA5DD00007883 /* PBXContainerItemProxy */;
		};
		7FEA8F651C7EA5DD00007883 /* PBXTargetDependency */ = {
			isa = PBXTargetDependency;
			target = 7FEA8F431C7EA5DD00007883 /* YouTube */;
			targetProxy = 7FEA8F641C7EA5DD00007883 /* PBXContainerItemProxy */;
		};
/* End PBXTargetDependency section */

/* Begin PBXVariantGroup section */
		7FEA8F4B1C7EA5DD00007883 /* Main.storyboard */ = {
			isa = PBXVariantGroup;
			children = (
				7FEA8F4C1C7EA5DD00007883 /* Base */,
			);
			name = Main.storyboard;
			sourceTree = "<group>";
		};
		7FEA8F501C7EA5DD00007883 /* LaunchScreen.storyboard */ = {
			isa = PBXVariantGroup;
			children = (
				7FEA8F511C7EA5DD00007883 /* Base */,
			);
			name = LaunchScreen.storyboard;
			sourceTree = "<group>";
		};
/* End PBXVariantGroup section */

/* Begin XCBuildConfiguration section */
		7FEA8F6A1C7EA5DD00007883 /* Debug */ = {
			isa = XCBuildConfiguration;
			buildSettings = {
				ALWAYS_SEARCH_USER_PATHS = NO;
				CLANG_CXX_LANGUAGE_STANDARD = "gnu++0x";
				CLANG_CXX_LIBRARY = "libc++";
				CLANG_ENABLE_MODULES = YES;
				CLANG_ENABLE_OBJC_ARC = YES;
				CLANG_WARN_BOOL_CONVERSION = YES;
				CLANG_WARN_CONSTANT_CONVERSION = YES;
				CLANG_WARN_DIRECT_OBJC_ISA_USAGE = YES_ERROR;
				CLANG_WARN_EMPTY_BODY = YES;
				CLANG_WARN_ENUM_CONVERSION = YES;
				CLANG_WARN_INT_CONVERSION = YES;
				CLANG_WARN_OBJC_ROOT_CLASS = YES_ERROR;
				CLANG_WARN_UNREACHABLE_CODE = YES;
				CLANG_WARN__DUPLICATE_METHOD_MATCH = YES;
				"CODE_SIGN_IDENTITY[sdk=iphoneos*]" = "iPhone Developer";
				COPY_PHASE_STRIP = NO;
				DEBUG_INFORMATION_FORMAT = dwarf;
				ENABLE_STRICT_OBJC_MSGSEND = YES;
				ENABLE_TESTABILITY = YES;
				GCC_C_LANGUAGE_STANDARD = gnu99;
				GCC_DYNAMIC_NO_PIC = NO;
				GCC_NO_COMMON_BLOCKS = YES;
				GCC_OPTIMIZATION_LEVEL = 0;
				GCC_PREPROCESSOR_DEFINITIONS = (
					"DEBUG=1",
					"$(inherited)",
				);
				GCC_WARN_64_TO_32_BIT_CONVERSION = YES;
				GCC_WARN_ABOUT_RETURN_TYPE = YES_ERROR;
				GCC_WARN_UNDECLARED_SELECTOR = YES;
				GCC_WARN_UNINITIALIZED_AUTOS = YES_AGGRESSIVE;
				GCC_WARN_UNUSED_FUNCTION = YES;
				GCC_WARN_UNUSED_VARIABLE = YES;
				IPHONEOS_DEPLOYMENT_TARGET = 9.2;
				MTL_ENABLE_DEBUG_INFO = YES;
				ONLY_ACTIVE_ARCH = YES;
				SDKROOT = iphoneos;
				SWIFT_OPTIMIZATION_LEVEL = "-Onone";
			};
			name = Debug;
		};
		7FEA8F6B1C7EA5DD00007883 /* Release */ = {
			isa = XCBuildConfiguration;
			buildSettings = {
				ALWAYS_SEARCH_USER_PATHS = NO;
				CLANG_CXX_LANGUAGE_STANDARD = "gnu++0x";
				CLANG_CXX_LIBRARY = "libc++";
				CLANG_ENABLE_MODULES = YES;
				CLANG_ENABLE_OBJC_ARC = YES;
				CLANG_WARN_BOOL_CONVERSION = YES;
				CLANG_WARN_CONSTANT_CONVERSION = YES;
				CLANG_WARN_DIRECT_OBJC_ISA_USAGE = YES_ERROR;
				CLANG_WARN_EMPTY_BODY = YES;
				CLANG_WARN_ENUM_CONVERSION = YES;
				CLANG_WARN_INT_CONVERSION = YES;
				CLANG_WARN_OBJC_ROOT_CLASS = YES_ERROR;
				CLANG_WARN_UNREACHABLE_CODE = YES;
				CLANG_WARN__DUPLICATE_METHOD_MATCH = YES;
				"CODE_SIGN_IDENTITY[sdk=iphoneos*]" = "iPhone Developer";
				COPY_PHASE_STRIP = NO;
				DEBUG_INFORMATION_FORMAT = "dwarf-with-dsym";
				ENABLE_NS_ASSERTIONS = NO;
				ENABLE_STRICT_OBJC_MSGSEND = YES;
				GCC_C_LANGUAGE_STANDARD = gnu99;
				GCC_NO_COMMON_BLOCKS = YES;
				GCC_WARN_64_TO_32_BIT_CONVERSION = YES;
				GCC_WARN_ABOUT_RETURN_TYPE = YES_ERROR;
				GCC_WARN_UNDECLARED_SELECTOR = YES;
				GCC_WARN_UNINITIALIZED_AUTOS = YES_AGGRESSIVE;
				GCC_WARN_UNUSED_FUNCTION = YES;
				GCC_WARN_UNUSED_VARIABLE = YES;
				IPHONEOS_DEPLOYMENT_TARGET = 9.2;
				MTL_ENABLE_DEBUG_INFO = NO;
				SDKROOT = iphoneos;
				VALIDATE_PRODUCT = YES;
			};
			name = Release;
		};
		7FEA8F6D1C7EA5DD00007883 /* Debug */ = {
			isa = XCBuildConfiguration;
			buildSettings = {
				ASSETCATALOG_COMPILER_APPICON_NAME = AppIcon;
				INFOPLIST_FILE = YouTube/Info.plist;
				LD_RUNPATH_SEARCH_PATHS = "$(inherited) @executable_path/Frameworks";
				PRODUCT_BUNDLE_IDENTIFIER = plainspace.YouTube;
				PRODUCT_NAME = "$(TARGET_NAME)";
			};
			name = Debug;
		};
		7FEA8F6E1C7EA5DD00007883 /* Release */ = {
			isa = XCBuildConfiguration;
			buildSettings = {
				ASSETCATALOG_COMPILER_APPICON_NAME = AppIcon;
				INFOPLIST_FILE = YouTube/Info.plist;
				LD_RUNPATH_SEARCH_PATHS = "$(inherited) @executable_path/Frameworks";
				PRODUCT_BUNDLE_IDENTIFIER = plainspace.YouTube;
				PRODUCT_NAME = "$(TARGET_NAME)";
			};
			name = Release;
		};
		7FEA8F701C7EA5DD00007883 /* Debug */ = {
			isa = XCBuildConfiguration;
			buildSettings = {
				BUNDLE_LOADER = "$(TEST_HOST)";
				INFOPLIST_FILE = YouTubeTests/Info.plist;
				LD_RUNPATH_SEARCH_PATHS = "$(inherited) @executable_path/Frameworks @loader_path/Frameworks";
				PRODUCT_BUNDLE_IDENTIFIER = plainspace.YouTubeTests;
				PRODUCT_NAME = "$(TARGET_NAME)";
				TEST_HOST = "$(BUILT_PRODUCTS_DIR)/YouTube.app/YouTube";
			};
			name = Debug;
		};
		7FEA8F711C7EA5DD00007883 /* Release */ = {
			isa = XCBuildConfiguration;
			buildSettings = {
				BUNDLE_LOADER = "$(TEST_HOST)";
				INFOPLIST_FILE = YouTubeTests/Info.plist;
				LD_RUNPATH_SEARCH_PATHS = "$(inherited) @executable_path/Frameworks @loader_path/Frameworks";
				PRODUCT_BUNDLE_IDENTIFIER = plainspace.YouTubeTests;
				PRODUCT_NAME = "$(TARGET_NAME)";
				TEST_HOST = "$(BUILT_PRODUCTS_DIR)/YouTube.app/YouTube";
			};
			name = Release;
		};
		7FEA8F731C7EA5DD00007883 /* Debug */ = {
			isa = XCBuildConfiguration;
			buildSettings = {
				INFOPLIST_FILE = YouTubeUITests/Info.plist;
				LD_RUNPATH_SEARCH_PATHS = "$(inherited) @executable_path/Frameworks @loader_path/Frameworks";
				PRODUCT_BUNDLE_IDENTIFIER = plainspace.YouTubeUITests;
				PRODUCT_NAME = "$(TARGET_NAME)";
				TEST_TARGET_NAME = YouTube;
				USES_XCTRUNNER = YES;
			};
			name = Debug;
		};
		7FEA8F741C7EA5DD00007883 /* Release */ = {
			isa = XCBuildConfiguration;
			buildSettings = {
				INFOPLIST_FILE = YouTubeUITests/Info.plist;
				LD_RUNPATH_SEARCH_PATHS = "$(inherited) @executable_path/Frameworks @loader_path/Frameworks";
				PRODUCT_BUNDLE_IDENTIFIER = plainspace.YouTubeUITests;
				PRODUCT_NAME = "$(TARGET_NAME)";
				TEST_TARGET_NAME = YouTube;
				USES_XCTRUNNER = YES;
			};
			name = Release;
		};
/* End XCBuildConfiguration section */

/* Begin XCConfigurationList section */
		7FEA8F3F1C7EA5DD00007883 /* Build configuration list for PBXProject "YouTube" */ = {
			isa = XCConfigurationList;
			buildConfigurations = (
				7FEA8F6A1C7EA5DD00007883 /* Debug */,
				7FEA8F6B1C7EA5DD00007883 /* Release */,
			);
			defaultConfigurationIsVisible = 0;
			defaultConfigurationName = Release;
		};
		7FEA8F6C1C7EA5DD00007883 /* Build configuration list for PBXNativeTarget "YouTube" */ = {
			isa = XCConfigurationList;
			buildConfigurations = (
				7FEA8F6D1C7EA5DD00007883 /* Debug */,
				7FEA8F6E1C7EA5DD00007883 /* Release */,
			);
			defaultConfigurationIsVisible = 0;
		};
		7FEA8F6F1C7EA5DD00007883 /* Build configuration list for PBXNativeTarget "YouTubeTests" */ = {
			isa = XCConfigurationList;
			buildConfigurations = (
				7FEA8F701C7EA5DD00007883 /* Debug */,
				7FEA8F711C7EA5DD00007883 /* Release */,
			);
			defaultConfigurationIsVisible = 0;
		};
		7FEA8F721C7EA5DD00007883 /* Build configuration list for PBXNativeTarget "YouTubeUITests" */ = {
			isa = XCConfigurationList;
			buildConfigurations = (
				7FEA8F731C7EA5DD00007883 /* Debug */,
				7FEA8F741C7EA5DD00007883 /* Release */,
			);
			defaultConfigurationIsVisible = 0;
		};
/* End XCConfigurationList section */
	};
	rootObject = 7FEA8F3C1C7EA5DD00007883 /* Project object */;
}
